{
	"name": "asm-language-server",
	"version": "1.0.0",
	"lockfileVersion": 1,
	"requires": true,
	"dependencies": {
		"linenumber": {
			"version": "1.0.1",
			"resolved": "https://registry.npmjs.org/linenumber/-/linenumber-1.0.1.tgz",
			"integrity": "sha512-g7x+bxzGaJ7yUk1chFXmY4NT1oIiSQREUs33M29cjDPFUP1W/dlM3YGD1cR7qeSehp5TEpxAFP0L+Rpk3nUKzw=="
		},
		"vscode-languageserver-textdocument": {
			"version": "1.0.1",
			"resolved": "https://registry.npmjs.org/vscode-languageserver-textdocument/-/vscode-languageserver-textdocument-1.0.1.tgz",
			"integrity": "sha512-UIcJDjX7IFkck7cSkNNyzIz5FyvpQfY7sdzVy+wkKN/BLaD4DQ0ppXQrKePomCxTS7RrolK1I0pey0bG9eh8dA=="
		},
		"vscode-uri": {
			"version": "3.0.2",
			"resolved": "https://registry.npmjs.org/vscode-uri/-/vscode-uri-3.0.2.tgz",
			"integrity": "sha512-jkjy6pjU1fxUvI51P+gCsxg1u2n8LSt0W6KrCNQceaziKzff74GoWmjVG46KieVzybO1sttPQmYfrwSHey7GUA=="
		}
	}
}
